
Microsoft Visual Studio Solution File, Format Version 12.00
# Visual Studio Version 16
VisualStudioVersion = 16.0.31702.278
MinimumVisualStudioVersion = 10.0.40219.1
Project("{FAE04EC0-301F-11D3-BF4B-00C04F79EFBC}") = "WPFFILIPPOV_PR2", "WPFFILIPPOV_PR2.csproj", "{19BEC741-D8B5-4112-A455-24C1EBF81AC1}"
EndProject
Global
	GlobalSection(SolutionConfigurationPlatforms) = preSolution
		Debug|Any CPU = Debug|Any CPU
		Release|Any CPU = Release|Any CPU
	EndGlobalSection
	GlobalSection(ProjectConfigurationPlatforms) = postSolution
		{19BEC741-D8B5-4112-A455-24C1EBF81AC1}.Debug|Any CPU.ActiveCfg = Debug|Any CPU
		{19BEC741-D8B5-4112-A455-24C1EBF81AC1}.Debug|Any CPU.Build.0 = Debug|Any CPU
		{19BEC741-D8B5-4112-A455-24C1EBF81AC1}.Release|Any CPU.ActiveCfg = Release|Any CPU
		{19BEC741-D8B5-4112-A455-24C1EBF81AC1}.Release|Any CPU.Build.0 = Release|Any CPU
	EndGlobalSection
	GlobalSection(SolutionProperties) = preSolution
		HideSolutionNode = FALSE
	EndGlobalSection
	GlobalSection(ExtensibilityGlobals) = postSolution
		SolutionGuid = {1ACBABBC-FBDC-4EC8-A2E9-F0081D302910}
	EndGlobalSection
EndGlobal
